
Microsoft Visual Studio Solution File, Format Version 11.00
# Visual Studio 2010
Project("{2150E333-8FDC-42A3-9474-1A3956D46DE8}") = "Client", "Client", "{E8D8DFC1-BF7E-44D8-9146-CA4889C85C89}"
EndProject
Project("{2150E333-8FDC-42A3-9474-1A3956D46DE8}") = "Server", "Server", "{E69E3285-F268-4B68-A8A9-27739EADE891}"
	ProjectSection(SolutionItems) = preProject
		MySql.Data.dll = MySql.Data.dll
	EndProjectSection
EndProject
Project("{2150E333-8FDC-42A3-9474-1A3956D46DE8}") = "Common", "Common", "{E5F52C16-C5EF-438E-9A3C-A7F459CF941E}"
EndProject
Project("{FAE04EC0-301F-11D3-BF4B-00C04F79EFBC}") = "XChat2Server", "XChat2Server\XChat2Server.csproj", "{477A9F3B-7111-4309-8405-D18D03848A16}"
EndProject
Project("{FAE04EC0-301F-11D3-BF4B-00C04F79EFBC}") = "XChat2.Common.Networking", "XChat2.Common.Network\XChat2.Common.Networking.csproj", "{16433540-B2E7-4F0D-8AD6-EE395786AEB3}"
EndProject
Project("{FAE04EC0-301F-11D3-BF4B-00C04F79EFBC}") = "XChat2.Common.Networking.Packets", "XChat2.Common.Networking.Packets\XChat2.Common.Networking.Packets.csproj", "{F699C6AD-DB9E-4BD1-B7D9-1710E37B92FA}"
EndProject
Project("{FAE04EC0-301F-11D3-BF4B-00C04F79EFBC}") = "XChat2.Server.Clients", "XChat2.Server.Client\XChat2.Server.Clients.csproj", "{1C325B0C-F6D3-439C-9132-67FE79056B74}"
EndProject
Project("{FAE04EC0-301F-11D3-BF4B-00C04F79EFBC}") = "XChat2.Server.ConsoleHelpers", "XChat2.Server.ConsoleHelpers\XChat2.Server.ConsoleHelpers.csproj", "{7DE5E92E-220D-4748-99ED-BED72CDA739B}"
EndProject
Project("{FAE04EC0-301F-11D3-BF4B-00C04F79EFBC}") = "XChat2.Client.Communication", "XChat2.Client.Communication\XChat2.Client.Communication.csproj", "{577C0E6B-6723-4227-A819-1A9713E84FA1}"
EndProject
Project("{FAE04EC0-301F-11D3-BF4B-00C04F79EFBC}") = "XChat2.Common.Collections", "XChat2.Common.Collections\XChat2.Common.Collections.csproj", "{8BA27C4A-C310-44BE-A25F-E9C11420DF48}"
EndProject
Project("{FAE04EC0-301F-11D3-BF4B-00C04F79EFBC}") = "XChat2TestClient", "XChat2TestClient\XChat2TestClient.csproj", "{CA4008CD-B502-4B86-8E4F-D34A4D3D60CE}"
EndProject
Project("{FAE04EC0-301F-11D3-BF4B-00C04F79EFBC}") = "XChat2.Common.Exceptions", "XChat2.Common.Exceptions\XChat2.Common.Exceptions.csproj", "{3014EF68-09DE-4382-BB7D-B6203951B46F}"
EndProject
Project("{FAE04EC0-301F-11D3-BF4B-00C04F79EFBC}") = "XChat2.Common.Hashes", "XChat2.Common.Hashes\XChat2.Common.Hashes.csproj", "{005DCDF2-A8D9-4438-94B9-9F7D351B2F07}"
EndProject
Project("{FAE04EC0-301F-11D3-BF4B-00C04F79EFBC}") = "XChat2WinFormsClient", "XChat2WinFormsClient\XChat2WinFormsClient.csproj", "{91FB59AB-432F-400A-BD9E-EDFC176D149D}"
EndProject
Project("{FAE04EC0-301F-11D3-BF4B-00C04F79EFBC}") = "XChat2.Client.Controls", "XChat2.Client.Controls\XChat2.Client.Controls.csproj", "{D6170D98-7331-4224-8969-F3F283836836}"
EndProject
Project("{2150E333-8FDC-42A3-9474-1A3956D46DE8}") = "Tests", "Tests", "{EA37E298-6FF6-4D1B-9FDC-53E9E9A86CC3}"
EndProject
Project("{FAE04EC0-301F-11D3-BF4B-00C04F79EFBC}") = "XChat2.Tests.Controls.ChatBox", "XChat2.Tests.Controls.ChatBox\XChat2.Tests.Controls.ChatBox.csproj", "{76E4DECA-317B-4EB7-A7C3-ED5CACA8951F}"
EndProject
Project("{FAE04EC0-301F-11D3-BF4B-00C04F79EFBC}") = "XChat2.Tests.Controls.ContactListControl", "XChat2.Tests.Controls.ContactListControl\XChat2.Tests.Controls.ContactListControl.csproj", "{D50325A8-2B7D-408A-846F-287060053306}"
EndProject
Project("{FAE04EC0-301F-11D3-BF4B-00C04F79EFBC}") = "XChat2.Common.Compression", "XChat2.Common.Compression\XChat2.Common.Compression.csproj", "{8F7ABDD0-EC35-452A-8C77-12788D84F0A0}"
EndProject
Project("{FAE04EC0-301F-11D3-BF4B-00C04F79EFBC}") = "XChat2.Client.Update", "XChat2.Client.Update\XChat2.Client.Update.csproj", "{229BEE92-67CC-42C5-B353-DF0478E0A699}"
EndProject
Project("{FAE04EC0-301F-11D3-BF4B-00C04F79EFBC}") = "XChat2.Common.Configuration", "XChat.Common.Configuration\XChat2.Common.Configuration.csproj", "{1DC156C9-064E-4E97-87DF-DB57ECFA6AA9}"
EndProject
Project("{FAE04EC0-301F-11D3-BF4B-00C04F79EFBC}") = "XChat2.Tests.Configuration", "XChat2.Tests.Configuration\XChat2.Tests.Configuration.csproj", "{7B1063C6-EF07-49AB-8D96-650C74C3C66F}"
EndProject
Project("{FAE04EC0-301F-11D3-BF4B-00C04F79EFBC}") = "XChat2Echo", "XChat2Echo\XChat2Echo.csproj", "{087504BF-C403-4E23-9FB2-09B77D4ACC15}"
EndProject
Project("{FAE04EC0-301F-11D3-BF4B-00C04F79EFBC}") = "XChat2.Client.P2P", "XChat2.Common.P2P\XChat2.Client.P2P.csproj", "{D2F1EE74-B921-45C1-915E-E1EE0B00C465}"
EndProject
Project("{FAE04EC0-301F-11D3-BF4B-00C04F79EFBC}") = "XChat2.Client.Resources", "XChat2.Client.Resources\XChat2.Client.Resources.csproj", "{22DAE21E-29AD-4682-959E-93908CAC80FB}"
EndProject
Project("{FAE04EC0-301F-11D3-BF4B-00C04F79EFBC}") = "XChat2.Tests.Server.Clients", "XChat2.Tests.Server.Clients\XChat2.Tests.Server.Clients.csproj", "{24310BF1-D250-4406-A5DE-479882ABD974}"
EndProject
Project("{2150E333-8FDC-42A3-9474-1A3956D46DE8}") = "Solution Items", "Solution Items", "{D2B74670-1118-4472-BB6C-2800AD934BD3}"
	ProjectSection(SolutionItems) = preProject
		Local.testsettings = Local.testsettings
		TraceAndTestImpact.testsettings = TraceAndTestImpact.testsettings
		XChat2.vsmdi = XChat2.vsmdi
	EndProjectSection
EndProject
Project("{FAE04EC0-301F-11D3-BF4B-00C04F79EFBC}") = "XChat2.Client.Data", "XChat2.Client.Data\XChat2.Client.Data.csproj", "{FD498708-06CB-48F1-9F54-333256696961}"
EndProject
Project("{FAE04EC0-301F-11D3-BF4B-00C04F79EFBC}") = "XChat2Client", "XChat2Client\XChat2Client.csproj", "{4B1AEA95-303E-4B8F-88D5-F91FE7CD92F0}"
EndProject
Project("{FAE04EC0-301F-11D3-BF4B-00C04F79EFBC}") = "XChat2.Server.Database", "XChat2.Server.Database\XChat2.Server.Database.csproj", "{3DFC19F8-E746-48BA-8D11-F0EB7F4B0B05}"
EndProject
Project("{FAE04EC0-301F-11D3-BF4B-00C04F79EFBC}") = "XChat2.Common.Helper", "XChat2.Common.Helper\XChat2.Common.Helper.csproj", "{9FF577DC-65DA-4F1F-9382-E43D0C29CC44}"
EndProject
Project("{FAE04EC0-301F-11D3-BF4B-00C04F79EFBC}") = "XChat2.Client.Interop", "XChat2.Client.Interop\XChat2.Client.Interop.csproj", "{235F9280-10E4-4DF2-9EF6-F724A8857C37}"
EndProject
Project("{FAE04EC0-301F-11D3-BF4B-00C04F79EFBC}") = "XChat2.Common.Networking.P2P", "XChat2.Common.Networking.P2P\XChat2.Common.Networking.P2P.csproj", "{AB377CDA-4E18-4493-B46F-DC5878A7C238}"
EndProject
Project("{FAE04EC0-301F-11D3-BF4B-00C04F79EFBC}") = "XChat2.Tests.P2P", "XChat2.Tests.P2P\XChat2.Tests.P2P.csproj", "{4F6342CD-07DC-44A9-BF76-46E7AFFF54F9}"
EndProject
Global
	GlobalSection(TestCaseManagementSettings) = postSolution
		CategoryFile = XChat2.vsmdi
	EndGlobalSection
	GlobalSection(SolutionConfigurationPlatforms) = preSolution
		Debug|Any CPU = Debug|Any CPU
		Debug|Mixed Platforms = Debug|Mixed Platforms
		Debug|x86 = Debug|x86
		Release|Any CPU = Release|Any CPU
		Release|Mixed Platforms = Release|Mixed Platforms
		Release|x86 = Release|x86
	EndGlobalSection
	GlobalSection(ProjectConfigurationPlatforms) = postSolution
		{477A9F3B-7111-4309-8405-D18D03848A16}.Debug|Any CPU.ActiveCfg = Debug|x86
		{477A9F3B-7111-4309-8405-D18D03848A16}.Debug|Mixed Platforms.ActiveCfg = Debug|x86
		{477A9F3B-7111-4309-8405-D18D03848A16}.Debug|Mixed Platforms.Build.0 = Debug|x86
		{477A9F3B-7111-4309-8405-D18D03848A16}.Debug|x86.ActiveCfg = Debug|x86
		{477A9F3B-7111-4309-8405-D18D03848A16}.Debug|x86.Build.0 = Debug|x86
		{477A9F3B-7111-4309-8405-D18D03848A16}.Release|Any CPU.ActiveCfg = Release|x86
		{477A9F3B-7111-4309-8405-D18D03848A16}.Release|Mixed Platforms.ActiveCfg = Release|x86
		{477A9F3B-7111-4309-8405-D18D03848A16}.Release|Mixed Platforms.Build.0 = Release|x86
		{477A9F3B-7111-4309-8405-D18D03848A16}.Release|x86.ActiveCfg = Release|x86
		{477A9F3B-7111-4309-8405-D18D03848A16}.Release|x86.Build.0 = Release|x86
		{16433540-B2E7-4F0D-8AD6-EE395786AEB3}.Debug|Any CPU.ActiveCfg = Debug|Any CPU
		{16433540-B2E7-4F0D-8AD6-EE395786AEB3}.Debug|Any CPU.Build.0 = Debug|Any CPU
		{16433540-B2E7-4F0D-8AD6-EE395786AEB3}.Debug|Mixed Platforms.ActiveCfg = Debug|Any CPU
		{16433540-B2E7-4F0D-8AD6-EE395786AEB3}.Debug|Mixed Platforms.Build.0 = Debug|Any CPU
		{16433540-B2E7-4F0D-8AD6-EE395786AEB3}.Debug|x86.ActiveCfg = Debug|x86
		{16433540-B2E7-4F0D-8AD6-EE395786AEB3}.Debug|x86.Build.0 = Debug|x86
		{16433540-B2E7-4F0D-8AD6-EE395786AEB3}.Release|Any CPU.ActiveCfg = Release|Any CPU
		{16433540-B2E7-4F0D-8AD6-EE395786AEB3}.Release|Any CPU.Build.0 = Release|Any CPU
		{16433540-B2E7-4F0D-8AD6-EE395786AEB3}.Release|Mixed Platforms.ActiveCfg = Release|Any CPU
		{16433540-B2E7-4F0D-8AD6-EE395786AEB3}.Release|Mixed Platforms.Build.0 = Release|Any CPU
		{16433540-B2E7-4F0D-8AD6-EE395786AEB3}.Release|x86.ActiveCfg = Release|Any CPU
		{F699C6AD-DB9E-4BD1-B7D9-1710E37B92FA}.Debug|Any CPU.ActiveCfg = Debug|Any CPU
		{F699C6AD-DB9E-4BD1-B7D9-1710E37B92FA}.Debug|Any CPU.Build.0 = Debug|Any CPU
		{F699C6AD-DB9E-4BD1-B7D9-1710E37B92FA}.Debug|Mixed Platforms.ActiveCfg = Debug|Any CPU
		{F699C6AD-DB9E-4BD1-B7D9-1710E37B92FA}.Debug|Mixed Platforms.Build.0 = Debug|Any CPU
		{F699C6AD-DB9E-4BD1-B7D9-1710E37B92FA}.Debug|x86.ActiveCfg = Debug|x86
		{F699C6AD-DB9E-4BD1-B7D9-1710E37B92FA}.Debug|x86.Build.0 = Debug|x86
		{F699C6AD-DB9E-4BD1-B7D9-1710E37B92FA}.Release|Any CPU.ActiveCfg = Release|Any CPU
		{F699C6AD-DB9E-4BD1-B7D9-1710E37B92FA}.Release|Any CPU.Build.0 = Release|Any CPU
		{F699C6AD-DB9E-4BD1-B7D9-1710E37B92FA}.Release|Mixed Platforms.ActiveCfg = Release|Any CPU
		{F699C6AD-DB9E-4BD1-B7D9-1710E37B92FA}.Release|Mixed Platforms.Build.0 = Release|Any CPU
		{F699C6AD-DB9E-4BD1-B7D9-1710E37B92FA}.Release|x86.ActiveCfg = Release|Any CPU
		{1C325B0C-F6D3-439C-9132-67FE79056B74}.Debug|Any CPU.ActiveCfg = Debug|Any CPU
		{1C325B0C-F6D3-439C-9132-67FE79056B74}.Debug|Any CPU.Build.0 = Debug|Any CPU
		{1C325B0C-F6D3-439C-9132-67FE79056B74}.Debug|Mixed Platforms.ActiveCfg = Debug|Any CPU
		{1C325B0C-F6D3-439C-9132-67FE79056B74}.Debug|Mixed Platforms.Build.0 = Debug|Any CPU
		{1C325B0C-F6D3-439C-9132-67FE79056B74}.Debug|x86.ActiveCfg = Debug|x86
		{1C325B0C-F6D3-439C-9132-67FE79056B74}.Debug|x86.Build.0 = Debug|x86
		{1C325B0C-F6D3-439C-9132-67FE79056B74}.Release|Any CPU.ActiveCfg = Release|Any CPU
		{1C325B0C-F6D3-439C-9132-67FE79056B74}.Release|Any CPU.Build.0 = Release|Any CPU
		{1C325B0C-F6D3-439C-9132-67FE79056B74}.Release|Mixed Platforms.ActiveCfg = Release|Any CPU
		{1C325B0C-F6D3-439C-9132-67FE79056B74}.Release|Mixed Platforms.Build.0 = Release|Any CPU
		{1C325B0C-F6D3-439C-9132-67FE79056B74}.Release|x86.ActiveCfg = Release|Any CPU
		{7DE5E92E-220D-4748-99ED-BED72CDA739B}.Debug|Any CPU.ActiveCfg = Debug|Any CPU
		{7DE5E92E-220D-4748-99ED-BED72CDA739B}.Debug|Any CPU.Build.0 = Debug|Any CPU
		{7DE5E92E-220D-4748-99ED-BED72CDA739B}.Debug|Mixed Platforms.ActiveCfg = Debug|Any CPU
		{7DE5E92E-220D-4748-99ED-BED72CDA739B}.Debug|Mixed Platforms.Build.0 = Debug|Any CPU
		{7DE5E92E-220D-4748-99ED-BED72CDA739B}.Debug|x86.ActiveCfg = Debug|x86
		{7DE5E92E-220D-4748-99ED-BED72CDA739B}.Debug|x86.Build.0 = Debug|x86
		{7DE5E92E-220D-4748-99ED-BED72CDA739B}.Release|Any CPU.ActiveCfg = Release|Any CPU
		{7DE5E92E-220D-4748-99ED-BED72CDA739B}.Release|Any CPU.Build.0 = Release|Any CPU
		{7DE5E92E-220D-4748-99ED-BED72CDA739B}.Release|Mixed Platforms.ActiveCfg = Release|Any CPU
		{7DE5E92E-220D-4748-99ED-BED72CDA739B}.Release|Mixed Platforms.Build.0 = Release|Any CPU
		{7DE5E92E-220D-4748-99ED-BED72CDA739B}.Release|x86.ActiveCfg = Release|Any CPU
		{577C0E6B-6723-4227-A819-1A9713E84FA1}.Debug|Any CPU.ActiveCfg = Debug|Any CPU
		{577C0E6B-6723-4227-A819-1A9713E84FA1}.Debug|Any CPU.Build.0 = Debug|Any CPU
		{577C0E6B-6723-4227-A819-1A9713E84FA1}.Debug|Mixed Platforms.ActiveCfg = Debug|Any CPU
		{577C0E6B-6723-4227-A819-1A9713E84FA1}.Debug|Mixed Platforms.Build.0 = Debug|Any CPU
		{577C0E6B-6723-4227-A819-1A9713E84FA1}.Debug|x86.ActiveCfg = Debug|x86
		{577C0E6B-6723-4227-A819-1A9713E84FA1}.Debug|x86.Build.0 = Debug|x86
		{577C0E6B-6723-4227-A819-1A9713E84FA1}.Release|Any CPU.ActiveCfg = Release|Any CPU
		{577C0E6B-6723-4227-A819-1A9713E84FA1}.Release|Any CPU.Build.0 = Release|Any CPU
		{577C0E6B-6723-4227-A819-1A9713E84FA1}.Release|Mixed Platforms.ActiveCfg = Release|Any CPU
		{577C0E6B-6723-4227-A819-1A9713E84FA1}.Release|Mixed Platforms.Build.0 = Release|Any CPU
		{577C0E6B-6723-4227-A819-1A9713E84FA1}.Release|x86.ActiveCfg = Release|Any CPU
		{8BA27C4A-C310-44BE-A25F-E9C11420DF48}.Debug|Any CPU.ActiveCfg = Debug|Any CPU
		{8BA27C4A-C310-44BE-A25F-E9C11420DF48}.Debug|Any CPU.Build.0 = Debug|Any CPU
		{8BA27C4A-C310-44BE-A25F-E9C11420DF48}.Debug|Mixed Platforms.ActiveCfg = Debug|Any CPU
		{8BA27C4A-C310-44BE-A25F-E9C11420DF48}.Debug|Mixed Platforms.Build.0 = Debug|Any CPU
		{8BA27C4A-C310-44BE-A25F-E9C11420DF48}.Debug|x86.ActiveCfg = Debug|x86
		{8BA27C4A-C310-44BE-A25F-E9C11420DF48}.Debug|x86.Build.0 = Debug|x86
		{8BA27C4A-C310-44BE-A25F-E9C11420DF48}.Release|Any CPU.ActiveCfg = Release|Any CPU
		{8BA27C4A-C310-44BE-A25F-E9C11420DF48}.Release|Any CPU.Build.0 = Release|Any CPU
		{8BA27C4A-C310-44BE-A25F-E9C11420DF48}.Release|Mixed Platforms.ActiveCfg = Release|Any CPU
		{8BA27C4A-C310-44BE-A25F-E9C11420DF48}.Release|Mixed Platforms.Build.0 = Release|Any CPU
		{8BA27C4A-C310-44BE-A25F-E9C11420DF48}.Release|x86.ActiveCfg = Release|Any CPU
		{CA4008CD-B502-4B86-8E4F-D34A4D3D60CE}.Debug|Any CPU.ActiveCfg = Debug|x86
		{CA4008CD-B502-4B86-8E4F-D34A4D3D60CE}.Debug|Mixed Platforms.ActiveCfg = Debug|x86
		{CA4008CD-B502-4B86-8E4F-D34A4D3D60CE}.Debug|Mixed Platforms.Build.0 = Debug|x86
		{CA4008CD-B502-4B86-8E4F-D34A4D3D60CE}.Debug|x86.ActiveCfg = Debug|x86
		{CA4008CD-B502-4B86-8E4F-D34A4D3D60CE}.Debug|x86.Build.0 = Debug|x86
		{CA4008CD-B502-4B86-8E4F-D34A4D3D60CE}.Release|Any CPU.ActiveCfg = Release|x86
		{CA4008CD-B502-4B86-8E4F-D34A4D3D60CE}.Release|Mixed Platforms.ActiveCfg = Release|x86
		{CA4008CD-B502-4B86-8E4F-D34A4D3D60CE}.Release|Mixed Platforms.Build.0 = Release|x86
		{CA4008CD-B502-4B86-8E4F-D34A4D3D60CE}.Release|x86.ActiveCfg = Release|x86
		{CA4008CD-B502-4B86-8E4F-D34A4D3D60CE}.Release|x86.Build.0 = Release|x86
		{3014EF68-09DE-4382-BB7D-B6203951B46F}.Debug|Any CPU.ActiveCfg = Debug|Any CPU
		{3014EF68-09DE-4382-BB7D-B6203951B46F}.Debug|Any CPU.Build.0 = Debug|Any CPU
		{3014EF68-09DE-4382-BB7D-B6203951B46F}.Debug|Mixed Platforms.ActiveCfg = Debug|Any CPU
		{3014EF68-09DE-4382-BB7D-B6203951B46F}.Debug|Mixed Platforms.Build.0 = Debug|Any CPU
		{3014EF68-09DE-4382-BB7D-B6203951B46F}.Debug|x86.ActiveCfg = Debug|x86
		{3014EF68-09DE-4382-BB7D-B6203951B46F}.Debug|x86.Build.0 = Debug|x86
		{3014EF68-09DE-4382-BB7D-B6203951B46F}.Release|Any CPU.ActiveCfg = Release|Any CPU
		{3014EF68-09DE-4382-BB7D-B6203951B46F}.Release|Any CPU.Build.0 = Release|Any CPU
		{3014EF68-09DE-4382-BB7D-B6203951B46F}.Release|Mixed Platforms.ActiveCfg = Release|Any CPU
		{3014EF68-09DE-4382-BB7D-B6203951B46F}.Release|Mixed Platforms.Build.0 = Release|Any CPU
		{3014EF68-09DE-4382-BB7D-B6203951B46F}.Release|x86.ActiveCfg = Release|Any CPU
		{005DCDF2-A8D9-4438-94B9-9F7D351B2F07}.Debug|Any CPU.ActiveCfg = Debug|Any CPU
		{005DCDF2-A8D9-4438-94B9-9F7D351B2F07}.Debug|Any CPU.Build.0 = Debug|Any CPU
		{005DCDF2-A8D9-4438-94B9-9F7D351B2F07}.Debug|Mixed Platforms.ActiveCfg = Debug|Any CPU
		{005DCDF2-A8D9-4438-94B9-9F7D351B2F07}.Debug|Mixed Platforms.Build.0 = Debug|Any CPU
		{005DCDF2-A8D9-4438-94B9-9F7D351B2F07}.Debug|x86.ActiveCfg = Debug|x86
		{005DCDF2-A8D9-4438-94B9-9F7D351B2F07}.Debug|x86.Build.0 = Debug|x86
		{005DCDF2-A8D9-4438-94B9-9F7D351B2F07}.Release|Any CPU.ActiveCfg = Release|Any CPU
		{005DCDF2-A8D9-4438-94B9-9F7D351B2F07}.Release|Any CPU.Build.0 = Release|Any CPU
		{005DCDF2-A8D9-4438-94B9-9F7D351B2F07}.Release|Mixed Platforms.ActiveCfg = Release|Any CPU
		{005DCDF2-A8D9-4438-94B9-9F7D351B2F07}.Release|Mixed Platforms.Build.0 = Release|Any CPU
		{005DCDF2-A8D9-4438-94B9-9F7D351B2F07}.Release|x86.ActiveCfg = Release|Any CPU
		{91FB59AB-432F-400A-BD9E-EDFC176D149D}.Debug|Any CPU.ActiveCfg = Debug|x86
		{91FB59AB-432F-400A-BD9E-EDFC176D149D}.Debug|Mixed Platforms.ActiveCfg = Debug|x86
		{91FB59AB-432F-400A-BD9E-EDFC176D149D}.Debug|Mixed Platforms.Build.0 = Debug|x86
		{91FB59AB-432F-400A-BD9E-EDFC176D149D}.Debug|x86.ActiveCfg = Debug|x86
		{91FB59AB-432F-400A-BD9E-EDFC176D149D}.Debug|x86.Build.0 = Debug|x86
		{91FB59AB-432F-400A-BD9E-EDFC176D149D}.Release|Any CPU.ActiveCfg = Release|x86
		{91FB59AB-432F-400A-BD9E-EDFC176D149D}.Release|Mixed Platforms.ActiveCfg = Release|x86
		{91FB59AB-432F-400A-BD9E-EDFC176D149D}.Release|Mixed Platforms.Build.0 = Release|x86
		{91FB59AB-432F-400A-BD9E-EDFC176D149D}.Release|x86.ActiveCfg = Release|x86
		{91FB59AB-432F-400A-BD9E-EDFC176D149D}.Release|x86.Build.0 = Release|x86
		{D6170D98-7331-4224-8969-F3F283836836}.Debug|Any CPU.ActiveCfg = Debug|Any CPU
		{D6170D98-7331-4224-8969-F3F283836836}.Debug|Any CPU.Build.0 = Debug|Any CPU
		{D6170D98-7331-4224-8969-F3F283836836}.Debug|Mixed Platforms.ActiveCfg = Debug|Any CPU
		{D6170D98-7331-4224-8969-F3F283836836}.Debug|Mixed Platforms.Build.0 = Debug|Any CPU
		{D6170D98-7331-4224-8969-F3F283836836}.Debug|x86.ActiveCfg = Debug|x86
		{D6170D98-7331-4224-8969-F3F283836836}.Debug|x86.Build.0 = Debug|x86
		{D6170D98-7331-4224-8969-F3F283836836}.Release|Any CPU.ActiveCfg = Release|Any CPU
		{D6170D98-7331-4224-8969-F3F283836836}.Release|Any CPU.Build.0 = Release|Any CPU
		{D6170D98-7331-4224-8969-F3F283836836}.Release|Mixed Platforms.ActiveCfg = Release|Any CPU
		{D6170D98-7331-4224-8969-F3F283836836}.Release|Mixed Platforms.Build.0 = Release|Any CPU
		{D6170D98-7331-4224-8969-F3F283836836}.Release|x86.ActiveCfg = Release|Any CPU
		{76E4DECA-317B-4EB7-A7C3-ED5CACA8951F}.Debug|Any CPU.ActiveCfg = Debug|x86
		{76E4DECA-317B-4EB7-A7C3-ED5CACA8951F}.Debug|Mixed Platforms.ActiveCfg = Debug|x86
		{76E4DECA-317B-4EB7-A7C3-ED5CACA8951F}.Debug|Mixed Platforms.Build.0 = Debug|x86
		{76E4DECA-317B-4EB7-A7C3-ED5CACA8951F}.Debug|x86.ActiveCfg = Debug|x86
		{76E4DECA-317B-4EB7-A7C3-ED5CACA8951F}.Debug|x86.Build.0 = Debug|x86
		{76E4DECA-317B-4EB7-A7C3-ED5CACA8951F}.Release|Any CPU.ActiveCfg = Release|x86
		{76E4DECA-317B-4EB7-A7C3-ED5CACA8951F}.Release|Mixed Platforms.ActiveCfg = Release|x86
		{76E4DECA-317B-4EB7-A7C3-ED5CACA8951F}.Release|Mixed Platforms.Build.0 = Release|x86
		{76E4DECA-317B-4EB7-A7C3-ED5CACA8951F}.Release|x86.ActiveCfg = Release|x86
		{76E4DECA-317B-4EB7-A7C3-ED5CACA8951F}.Release|x86.Build.0 = Release|x86
		{D50325A8-2B7D-408A-846F-287060053306}.Debug|Any CPU.ActiveCfg = Debug|x86
		{D50325A8-2B7D-408A-846F-287060053306}.Debug|Mixed Platforms.ActiveCfg = Debug|x86
		{D50325A8-2B7D-408A-846F-287060053306}.Debug|Mixed Platforms.Build.0 = Debug|x86
		{D50325A8-2B7D-408A-846F-287060053306}.Debug|x86.ActiveCfg = Debug|x86
		{D50325A8-2B7D-408A-846F-287060053306}.Debug|x86.Build.0 = Debug|x86
		{D50325A8-2B7D-408A-846F-287060053306}.Release|Any CPU.ActiveCfg = Release|x86
		{D50325A8-2B7D-408A-846F-287060053306}.Release|Mixed Platforms.ActiveCfg = Release|x86
		{D50325A8-2B7D-408A-846F-287060053306}.Release|Mixed Platforms.Build.0 = Release|x86
		{D50325A8-2B7D-408A-846F-287060053306}.Release|x86.ActiveCfg = Release|x86
		{D50325A8-2B7D-408A-846F-287060053306}.Release|x86.Build.0 = Release|x86
		{8F7ABDD0-EC35-452A-8C77-12788D84F0A0}.Debug|Any CPU.ActiveCfg = Debug|Any CPU
		{8F7ABDD0-EC35-452A-8C77-12788D84F0A0}.Debug|Any CPU.Build.0 = Debug|Any CPU
		{8F7ABDD0-EC35-452A-8C77-12788D84F0A0}.Debug|Mixed Platforms.ActiveCfg = Debug|Any CPU
		{8F7ABDD0-EC35-452A-8C77-12788D84F0A0}.Debug|Mixed Platforms.Build.0 = Debug|Any CPU
		{8F7ABDD0-EC35-452A-8C77-12788D84F0A0}.Debug|x86.ActiveCfg = Debug|x86
		{8F7ABDD0-EC35-452A-8C77-12788D84F0A0}.Debug|x86.Build.0 = Debug|x86
		{8F7ABDD0-EC35-452A-8C77-12788D84F0A0}.Release|Any CPU.ActiveCfg = Release|Any CPU
		{8F7ABDD0-EC35-452A-8C77-12788D84F0A0}.Release|Any CPU.Build.0 = Release|Any CPU
		{8F7ABDD0-EC35-452A-8C77-12788D84F0A0}.Release|Mixed Platforms.ActiveCfg = Release|Any CPU
		{8F7ABDD0-EC35-452A-8C77-12788D84F0A0}.Release|Mixed Platforms.Build.0 = Release|Any CPU
		{8F7ABDD0-EC35-452A-8C77-12788D84F0A0}.Release|x86.ActiveCfg = Release|Any CPU
		{229BEE92-67CC-42C5-B353-DF0478E0A699}.Debug|Any CPU.ActiveCfg = Debug|Any CPU
		{229BEE92-67CC-42C5-B353-DF0478E0A699}.Debug|Any CPU.Build.0 = Debug|Any CPU
		{229BEE92-67CC-42C5-B353-DF0478E0A699}.Debug|Mixed Platforms.ActiveCfg = Debug|Any CPU
		{229BEE92-67CC-42C5-B353-DF0478E0A699}.Debug|Mixed Platforms.Build.0 = Debug|Any CPU
		{229BEE92-67CC-42C5-B353-DF0478E0A699}.Debug|x86.ActiveCfg = Debug|x86
		{229BEE92-67CC-42C5-B353-DF0478E0A699}.Debug|x86.Build.0 = Debug|x86
		{229BEE92-67CC-42C5-B353-DF0478E0A699}.Release|Any CPU.ActiveCfg = Release|Any CPU
		{229BEE92-67CC-42C5-B353-DF0478E0A699}.Release|Any CPU.Build.0 = Release|Any CPU
		{229BEE92-67CC-42C5-B353-DF0478E0A699}.Release|Mixed Platforms.ActiveCfg = Release|Any CPU
		{229BEE92-67CC-42C5-B353-DF0478E0A699}.Release|Mixed Platforms.Build.0 = Release|Any CPU
		{229BEE92-67CC-42C5-B353-DF0478E0A699}.Release|x86.ActiveCfg = Release|Any CPU
		{1DC156C9-064E-4E97-87DF-DB57ECFA6AA9}.Debug|Any CPU.ActiveCfg = Debug|Any CPU
		{1DC156C9-064E-4E97-87DF-DB57ECFA6AA9}.Debug|Any CPU.Build.0 = Debug|Any CPU
		{1DC156C9-064E-4E97-87DF-DB57ECFA6AA9}.Debug|Mixed Platforms.ActiveCfg = Debug|Any CPU
		{1DC156C9-064E-4E97-87DF-DB57ECFA6AA9}.Debug|Mixed Platforms.Build.0 = Debug|Any CPU
		{1DC156C9-064E-4E97-87DF-DB57ECFA6AA9}.Debug|x86.ActiveCfg = Debug|x86
		{1DC156C9-064E-4E97-87DF-DB57ECFA6AA9}.Debug|x86.Build.0 = Debug|x86
		{1DC156C9-064E-4E97-87DF-DB57ECFA6AA9}.Release|Any CPU.ActiveCfg = Release|Any CPU
		{1DC156C9-064E-4E97-87DF-DB57ECFA6AA9}.Release|Any CPU.Build.0 = Release|Any CPU
		{1DC156C9-064E-4E97-87DF-DB57ECFA6AA9}.Release|Mixed Platforms.ActiveCfg = Release|Any CPU
		{1DC156C9-064E-4E97-87DF-DB57ECFA6AA9}.Release|Mixed Platforms.Build.0 = Release|Any CPU
		{1DC156C9-064E-4E97-87DF-DB57ECFA6AA9}.Release|x86.ActiveCfg = Release|Any CPU
		{7B1063C6-EF07-49AB-8D96-650C74C3C66F}.Debug|Any CPU.ActiveCfg = Debug|x86
		{7B1063C6-EF07-49AB-8D96-650C74C3C66F}.Debug|Mixed Platforms.ActiveCfg = Debug|x86
		{7B1063C6-EF07-49AB-8D96-650C74C3C66F}.Debug|Mixed Platforms.Build.0 = Debug|x86
		{7B1063C6-EF07-49AB-8D96-650C74C3C66F}.Debug|x86.ActiveCfg = Debug|x86
		{7B1063C6-EF07-49AB-8D96-650C74C3C66F}.Debug|x86.Build.0 = Debug|x86
		{7B1063C6-EF07-49AB-8D96-650C74C3C66F}.Release|Any CPU.ActiveCfg = Release|x86
		{7B1063C6-EF07-49AB-8D96-650C74C3C66F}.Release|Mixed Platforms.ActiveCfg = Release|x86
		{7B1063C6-EF07-49AB-8D96-650C74C3C66F}.Release|Mixed Platforms.Build.0 = Release|x86
		{7B1063C6-EF07-49AB-8D96-650C74C3C66F}.Release|x86.ActiveCfg = Release|x86
		{7B1063C6-EF07-49AB-8D96-650C74C3C66F}.Release|x86.Build.0 = Release|x86
		{087504BF-C403-4E23-9FB2-09B77D4ACC15}.Debug|Any CPU.ActiveCfg = Debug|x86
		{087504BF-C403-4E23-9FB2-09B77D4ACC15}.Debug|Mixed Platforms.ActiveCfg = Debug|x86
		{087504BF-C403-4E23-9FB2-09B77D4ACC15}.Debug|Mixed Platforms.Build.0 = Debug|x86
		{087504BF-C403-4E23-9FB2-09B77D4ACC15}.Debug|x86.ActiveCfg = Debug|x86
		{087504BF-C403-4E23-9FB2-09B77D4ACC15}.Debug|x86.Build.0 = Debug|x86
		{087504BF-C403-4E23-9FB2-09B77D4ACC15}.Release|Any CPU.ActiveCfg = Release|x86
		{087504BF-C403-4E23-9FB2-09B77D4ACC15}.Release|Mixed Platforms.ActiveCfg = Release|x86
		{087504BF-C403-4E23-9FB2-09B77D4ACC15}.Release|Mixed Platforms.Build.0 = Release|x86
		{087504BF-C403-4E23-9FB2-09B77D4ACC15}.Release|x86.ActiveCfg = Release|x86
		{087504BF-C403-4E23-9FB2-09B77D4ACC15}.Release|x86.Build.0 = Release|x86
		{D2F1EE74-B921-45C1-915E-E1EE0B00C465}.Debug|Any CPU.ActiveCfg = Debug|Any CPU
		{D2F1EE74-B921-45C1-915E-E1EE0B00C465}.Debug|Any CPU.Build.0 = Debug|Any CPU
		{D2F1EE74-B921-45C1-915E-E1EE0B00C465}.Debug|Mixed Platforms.ActiveCfg = Debug|Any CPU
		{D2F1EE74-B921-45C1-915E-E1EE0B00C465}.Debug|Mixed Platforms.Build.0 = Debug|Any CPU
		{D2F1EE74-B921-45C1-915E-E1EE0B00C465}.Debug|x86.ActiveCfg = Debug|x86
		{D2F1EE74-B921-45C1-915E-E1EE0B00C465}.Debug|x86.Build.0 = Debug|x86
		{D2F1EE74-B921-45C1-915E-E1EE0B00C465}.Release|Any CPU.ActiveCfg = Release|Any CPU
		{D2F1EE74-B921-45C1-915E-E1EE0B00C465}.Release|Any CPU.Build.0 = Release|Any CPU
		{D2F1EE74-B921-45C1-915E-E1EE0B00C465}.Release|Mixed Platforms.ActiveCfg = Release|Any CPU
		{D2F1EE74-B921-45C1-915E-E1EE0B00C465}.Release|Mixed Platforms.Build.0 = Release|Any CPU
		{D2F1EE74-B921-45C1-915E-E1EE0B00C465}.Release|x86.ActiveCfg = Release|Any CPU
		{22DAE21E-29AD-4682-959E-93908CAC80FB}.Debug|Any CPU.ActiveCfg = Debug|Any CPU
		{22DAE21E-29AD-4682-959E-93908CAC80FB}.Debug|Any CPU.Build.0 = Debug|Any CPU
		{22DAE21E-29AD-4682-959E-93908CAC80FB}.Debug|Mixed Platforms.ActiveCfg = Debug|Any CPU
		{22DAE21E-29AD-4682-959E-93908CAC80FB}.Debug|Mixed Platforms.Build.0 = Debug|Any CPU
		{22DAE21E-29AD-4682-959E-93908CAC80FB}.Debug|x86.ActiveCfg = Debug|Any CPU
		{22DAE21E-29AD-4682-959E-93908CAC80FB}.Release|Any CPU.ActiveCfg = Release|Any CPU
		{22DAE21E-29AD-4682-959E-93908CAC80FB}.Release|Any CPU.Build.0 = Release|Any CPU
		{22DAE21E-29AD-4682-959E-93908CAC80FB}.Release|Mixed Platforms.ActiveCfg = Release|Any CPU
		{22DAE21E-29AD-4682-959E-93908CAC80FB}.Release|Mixed Platforms.Build.0 = Release|Any CPU
		{22DAE21E-29AD-4682-959E-93908CAC80FB}.Release|x86.ActiveCfg = Release|Any CPU
		{24310BF1-D250-4406-A5DE-479882ABD974}.Debug|Any CPU.ActiveCfg = Debug|Any CPU
		{24310BF1-D250-4406-A5DE-479882ABD974}.Debug|Any CPU.Build.0 = Debug|Any CPU
		{24310BF1-D250-4406-A5DE-479882ABD974}.Debug|Mixed Platforms.ActiveCfg = Debug|Any CPU
		{24310BF1-D250-4406-A5DE-479882ABD974}.Debug|Mixed Platforms.Build.0 = Debug|Any CPU
		{24310BF1-D250-4406-A5DE-479882ABD974}.Debug|x86.ActiveCfg = Debug|Any CPU
		{24310BF1-D250-4406-A5DE-479882ABD974}.Release|Any CPU.ActiveCfg = Release|Any CPU
		{24310BF1-D250-4406-A5DE-479882ABD974}.Release|Any CPU.Build.0 = Release|Any CPU
		{24310BF1-D250-4406-A5DE-479882ABD974}.Release|Mixed Platforms.ActiveCfg = Release|Any CPU
		{24310BF1-D250-4406-A5DE-479882ABD974}.Release|Mixed Platforms.Build.0 = Release|Any CPU
		{24310BF1-D250-4406-A5DE-479882ABD974}.Release|x86.ActiveCfg = Release|Any CPU
		{FD498708-06CB-48F1-9F54-333256696961}.Debug|Any CPU.ActiveCfg = Debug|Any CPU
		{FD498708-06CB-48F1-9F54-333256696961}.Debug|Any CPU.Build.0 = Debug|Any CPU
		{FD498708-06CB-48F1-9F54-333256696961}.Debug|Mixed Platforms.ActiveCfg = Debug|Any CPU
		{FD498708-06CB-48F1-9F54-333256696961}.Debug|Mixed Platforms.Build.0 = Debug|Any CPU
		{FD498708-06CB-48F1-9F54-333256696961}.Debug|x86.ActiveCfg = Debug|Any CPU
		{FD498708-06CB-48F1-9F54-333256696961}.Release|Any CPU.ActiveCfg = Release|Any CPU
		{FD498708-06CB-48F1-9F54-333256696961}.Release|Any CPU.Build.0 = Release|Any CPU
		{FD498708-06CB-48F1-9F54-333256696961}.Release|Mixed Platforms.ActiveCfg = Release|Any CPU
		{FD498708-06CB-48F1-9F54-333256696961}.Release|Mixed Platforms.Build.0 = Release|Any CPU
		{FD498708-06CB-48F1-9F54-333256696961}.Release|x86.ActiveCfg = Release|Any CPU
		{4B1AEA95-303E-4B8F-88D5-F91FE7CD92F0}.Debug|Any CPU.ActiveCfg = Debug|x86
		{4B1AEA95-303E-4B8F-88D5-F91FE7CD92F0}.Debug|Mixed Platforms.ActiveCfg = Debug|x86
		{4B1AEA95-303E-4B8F-88D5-F91FE7CD92F0}.Debug|Mixed Platforms.Build.0 = Debug|x86
		{4B1AEA95-303E-4B8F-88D5-F91FE7CD92F0}.Debug|x86.ActiveCfg = Debug|x86
		{4B1AEA95-303E-4B8F-88D5-F91FE7CD92F0}.Debug|x86.Build.0 = Debug|x86
		{4B1AEA95-303E-4B8F-88D5-F91FE7CD92F0}.Release|Any CPU.ActiveCfg = Release|x86
		{4B1AEA95-303E-4B8F-88D5-F91FE7CD92F0}.Release|Mixed Platforms.ActiveCfg = Release|x86
		{4B1AEA95-303E-4B8F-88D5-F91FE7CD92F0}.Release|Mixed Platforms.Build.0 = Release|x86
		{4B1AEA95-303E-4B8F-88D5-F91FE7CD92F0}.Release|x86.ActiveCfg = Release|x86
		{4B1AEA95-303E-4B8F-88D5-F91FE7CD92F0}.Release|x86.Build.0 = Release|x86
		{3DFC19F8-E746-48BA-8D11-F0EB7F4B0B05}.Debug|Any CPU.ActiveCfg = Debug|Any CPU
		{3DFC19F8-E746-48BA-8D11-F0EB7F4B0B05}.Debug|Any CPU.Build.0 = Debug|Any CPU
		{3DFC19F8-E746-48BA-8D11-F0EB7F4B0B05}.Debug|Mixed Platforms.ActiveCfg = Debug|Any CPU
		{3DFC19F8-E746-48BA-8D11-F0EB7F4B0B05}.Debug|Mixed Platforms.Build.0 = Debug|Any CPU
		{3DFC19F8-E746-48BA-8D11-F0EB7F4B0B05}.Debug|x86.ActiveCfg = Debug|Any CPU
		{3DFC19F8-E746-48BA-8D11-F0EB7F4B0B05}.Release|Any CPU.ActiveCfg = Release|Any CPU
		{3DFC19F8-E746-48BA-8D11-F0EB7F4B0B05}.Release|Any CPU.Build.0 = Release|Any CPU
		{3DFC19F8-E746-48BA-8D11-F0EB7F4B0B05}.Release|Mixed Platforms.ActiveCfg = Release|Any CPU
		{3DFC19F8-E746-48BA-8D11-F0EB7F4B0B05}.Release|Mixed Platforms.Build.0 = Release|Any CPU
		{3DFC19F8-E746-48BA-8D11-F0EB7F4B0B05}.Release|x86.ActiveCfg = Release|Any CPU
		{9FF577DC-65DA-4F1F-9382-E43D0C29CC44}.Debug|Any CPU.ActiveCfg = Debug|Any CPU
		{9FF577DC-65DA-4F1F-9382-E43D0C29CC44}.Debug|Any CPU.Build.0 = Debug|Any CPU
		{9FF577DC-65DA-4F1F-9382-E43D0C29CC44}.Debug|Mixed Platforms.ActiveCfg = Debug|Any CPU
		{9FF577DC-65DA-4F1F-9382-E43D0C29CC44}.Debug|Mixed Platforms.Build.0 = Debug|Any CPU
		{9FF577DC-65DA-4F1F-9382-E43D0C29CC44}.Debug|x86.ActiveCfg = Debug|Any CPU
		{9FF577DC-65DA-4F1F-9382-E43D0C29CC44}.Release|Any CPU.ActiveCfg = Release|Any CPU
		{9FF577DC-65DA-4F1F-9382-E43D0C29CC44}.Release|Any CPU.Build.0 = Release|Any CPU
		{9FF577DC-65DA-4F1F-9382-E43D0C29CC44}.Release|Mixed Platforms.ActiveCfg = Release|Any CPU
		{9FF577DC-65DA-4F1F-9382-E43D0C29CC44}.Release|Mixed Platforms.Build.0 = Release|Any CPU
		{9FF577DC-65DA-4F1F-9382-E43D0C29CC44}.Release|x86.ActiveCfg = Release|Any CPU
		{235F9280-10E4-4DF2-9EF6-F724A8857C37}.Debug|Any CPU.ActiveCfg = Debug|Any CPU
		{235F9280-10E4-4DF2-9EF6-F724A8857C37}.Debug|Any CPU.Build.0 = Debug|Any CPU
		{235F9280-10E4-4DF2-9EF6-F724A8857C37}.Debug|Mixed Platforms.ActiveCfg = Debug|Any CPU
		{235F9280-10E4-4DF2-9EF6-F724A8857C37}.Debug|Mixed Platforms.Build.0 = Debug|Any CPU
		{235F9280-10E4-4DF2-9EF6-F724A8857C37}.Debug|x86.ActiveCfg = Debug|Any CPU
		{235F9280-10E4-4DF2-9EF6-F724A8857C37}.Release|Any CPU.ActiveCfg = Release|Any CPU
		{235F9280-10E4-4DF2-9EF6-F724A8857C37}.Release|Any CPU.Build.0 = Release|Any CPU
		{235F9280-10E4-4DF2-9EF6-F724A8857C37}.Release|Mixed Platforms.ActiveCfg = Release|Any CPU
		{235F9280-10E4-4DF2-9EF6-F724A8857C37}.Release|Mixed Platforms.Build.0 = Release|Any CPU
		{235F9280-10E4-4DF2-9EF6-F724A8857C37}.Release|x86.ActiveCfg = Release|Any CPU
		{AB377CDA-4E18-4493-B46F-DC5878A7C238}.Debug|Any CPU.ActiveCfg = Debug|Any CPU
		{AB377CDA-4E18-4493-B46F-DC5878A7C238}.Debug|Any CPU.Build.0 = Debug|Any CPU
		{AB377CDA-4E18-4493-B46F-DC5878A7C238}.Debug|Mixed Platforms.ActiveCfg = Debug|Any CPU
		{AB377CDA-4E18-4493-B46F-DC5878A7C238}.Debug|Mixed Platforms.Build.0 = Debug|Any CPU
		{AB377CDA-4E18-4493-B46F-DC5878A7C238}.Debug|x86.ActiveCfg = Debug|Any CPU
		{AB377CDA-4E18-4493-B46F-DC5878A7C238}.Release|Any CPU.ActiveCfg = Release|Any CPU
		{AB377CDA-4E18-4493-B46F-DC5878A7C238}.Release|Any CPU.Build.0 = Release|Any CPU
		{AB377CDA-4E18-4493-B46F-DC5878A7C238}.Release|Mixed Platforms.ActiveCfg = Release|Any CPU
		{AB377CDA-4E18-4493-B46F-DC5878A7C238}.Release|Mixed Platforms.Build.0 = Release|Any CPU
		{AB377CDA-4E18-4493-B46F-DC5878A7C238}.Release|x86.ActiveCfg = Release|Any CPU
		{4F6342CD-07DC-44A9-BF76-46E7AFFF54F9}.Debug|Any CPU.ActiveCfg = Debug|Any CPU
		{4F6342CD-07DC-44A9-BF76-46E7AFFF54F9}.Debug|Any CPU.Build.0 = Debug|Any CPU
		{4F6342CD-07DC-44A9-BF76-46E7AFFF54F9}.Debug|Mixed Platforms.ActiveCfg = Debug|Any CPU
		{4F6342CD-07DC-44A9-BF76-46E7AFFF54F9}.Debug|Mixed Platforms.Build.0 = Debug|Any CPU
		{4F6342CD-07DC-44A9-BF76-46E7AFFF54F9}.Debug|x86.ActiveCfg = Debug|Any CPU
		{4F6342CD-07DC-44A9-BF76-46E7AFFF54F9}.Release|Any CPU.ActiveCfg = Release|Any CPU
		{4F6342CD-07DC-44A9-BF76-46E7AFFF54F9}.Release|Any CPU.Build.0 = Release|Any CPU
		{4F6342CD-07DC-44A9-BF76-46E7AFFF54F9}.Release|Mixed Platforms.ActiveCfg = Release|Any CPU
		{4F6342CD-07DC-44A9-BF76-46E7AFFF54F9}.Release|Mixed Platforms.Build.0 = Release|Any CPU
		{4F6342CD-07DC-44A9-BF76-46E7AFFF54F9}.Release|x86.ActiveCfg = Release|Any CPU
	EndGlobalSection
	GlobalSection(SolutionProperties) = preSolution
		HideSolutionNode = FALSE
	EndGlobalSection
	GlobalSection(NestedProjects) = preSolution
		{577C0E6B-6723-4227-A819-1A9713E84FA1} = {E8D8DFC1-BF7E-44D8-9146-CA4889C85C89}
		{CA4008CD-B502-4B86-8E4F-D34A4D3D60CE} = {E8D8DFC1-BF7E-44D8-9146-CA4889C85C89}
		{91FB59AB-432F-400A-BD9E-EDFC176D149D} = {E8D8DFC1-BF7E-44D8-9146-CA4889C85C89}
		{D6170D98-7331-4224-8969-F3F283836836} = {E8D8DFC1-BF7E-44D8-9146-CA4889C85C89}
		{229BEE92-67CC-42C5-B353-DF0478E0A699} = {E8D8DFC1-BF7E-44D8-9146-CA4889C85C89}
		{087504BF-C403-4E23-9FB2-09B77D4ACC15} = {E8D8DFC1-BF7E-44D8-9146-CA4889C85C89}
		{D2F1EE74-B921-45C1-915E-E1EE0B00C465} = {E8D8DFC1-BF7E-44D8-9146-CA4889C85C89}
		{22DAE21E-29AD-4682-959E-93908CAC80FB} = {E8D8DFC1-BF7E-44D8-9146-CA4889C85C89}
		{FD498708-06CB-48F1-9F54-333256696961} = {E8D8DFC1-BF7E-44D8-9146-CA4889C85C89}
		{4B1AEA95-303E-4B8F-88D5-F91FE7CD92F0} = {E8D8DFC1-BF7E-44D8-9146-CA4889C85C89}
		{235F9280-10E4-4DF2-9EF6-F724A8857C37} = {E8D8DFC1-BF7E-44D8-9146-CA4889C85C89}
		{477A9F3B-7111-4309-8405-D18D03848A16} = {E69E3285-F268-4B68-A8A9-27739EADE891}
		{1C325B0C-F6D3-439C-9132-67FE79056B74} = {E69E3285-F268-4B68-A8A9-27739EADE891}
		{7DE5E92E-220D-4748-99ED-BED72CDA739B} = {E69E3285-F268-4B68-A8A9-27739EADE891}
		{3DFC19F8-E746-48BA-8D11-F0EB7F4B0B05} = {E69E3285-F268-4B68-A8A9-27739EADE891}
		{16433540-B2E7-4F0D-8AD6-EE395786AEB3} = {E5F52C16-C5EF-438E-9A3C-A7F459CF941E}
		{F699C6AD-DB9E-4BD1-B7D9-1710E37B92FA} = {E5F52C16-C5EF-438E-9A3C-A7F459CF941E}
		{8BA27C4A-C310-44BE-A25F-E9C11420DF48} = {E5F52C16-C5EF-438E-9A3C-A7F459CF941E}
		{3014EF68-09DE-4382-BB7D-B6203951B46F} = {E5F52C16-C5EF-438E-9A3C-A7F459CF941E}
		{005DCDF2-A8D9-4438-94B9-9F7D351B2F07} = {E5F52C16-C5EF-438E-9A3C-A7F459CF941E}
		{8F7ABDD0-EC35-452A-8C77-12788D84F0A0} = {E5F52C16-C5EF-438E-9A3C-A7F459CF941E}
		{1DC156C9-064E-4E97-87DF-DB57ECFA6AA9} = {E5F52C16-C5EF-438E-9A3C-A7F459CF941E}
		{9FF577DC-65DA-4F1F-9382-E43D0C29CC44} = {E5F52C16-C5EF-438E-9A3C-A7F459CF941E}
		{AB377CDA-4E18-4493-B46F-DC5878A7C238} = {E5F52C16-C5EF-438E-9A3C-A7F459CF941E}
		{76E4DECA-317B-4EB7-A7C3-ED5CACA8951F} = {EA37E298-6FF6-4D1B-9FDC-53E9E9A86CC3}
		{D50325A8-2B7D-408A-846F-287060053306} = {EA37E298-6FF6-4D1B-9FDC-53E9E9A86CC3}
		{7B1063C6-EF07-49AB-8D96-650C74C3C66F} = {EA37E298-6FF6-4D1B-9FDC-53E9E9A86CC3}
		{24310BF1-D250-4406-A5DE-479882ABD974} = {EA37E298-6FF6-4D1B-9FDC-53E9E9A86CC3}
		{D2B74670-1118-4472-BB6C-2800AD934BD3} = {EA37E298-6FF6-4D1B-9FDC-53E9E9A86CC3}
		{4F6342CD-07DC-44A9-BF76-46E7AFFF54F9} = {EA37E298-6FF6-4D1B-9FDC-53E9E9A86CC3}
	EndGlobalSection
EndGlobal
